// !$*UTF8*$!
{
	archiveVersion = 1;
	classes = {
	};
	objectVersion = 46;
	objects = {

/* Begin PBXBuildFile section */
		8D01AC581D73C69600179FED /* main.m in Sources */ = {isa = PBXBuildFile; fileRef = 8D01AC571D73C69600179FED /* main.m */; };
		8D01AC5B1D73C69600179FED /* AppDelegate.m in Sources */ = {isa = PBXBuildFile; fileRef = 8D01AC5A1D73C69600179FED /* AppDelegate.m */; };
		8D01AC5E1D73C69600179FED /* ViewController.m in Sources */ = {isa = PBXBuildFile; fileRef = 8D01AC5D1D73C69600179FED /* ViewController.m */; };
		8D01AC611D73C69600179FED /* Main.storyboard in Resources */ = {isa = PBXBuildFile; fileRef = 8D01AC5F1D73C69600179FED /* Main.storyboard */; };
		8D01AC631D73C69600179FED /* Assets.xcassets in Resources */ = {isa = PBXBuildFile; fileRef = 8D01AC621D73C69600179FED /* Assets.xcassets */; };
		8D01AC661D73C69600179FED /* LaunchScreen.storyboard in Resources */ = {isa = PBXBuildFile; fileRef = 8D01AC641D73C69600179FED /* LaunchScreen.storyboard */; };
/* End PBXBuildFile section */

/* Begin PBXFileReference section */
		8D01AC531D73C69600179FED /* CRMProjectDemo.app */ = {isa = PBXFileReference; explicitFileType = wrapper.application; includeInIndex = 0; path = CRMProjectDemo.app; sourceTree = BUILT_PRODUCTS_DIR; };
		8D01AC571D73C69600179FED /* main.m */ = {isa = PBXFileReference; lastKnownFileType = sourcecode.c.objc; path = main.m; sourceTree = "<group>"; };
		8D01AC591D73C69600179FED /* AppDelegate.h */ = {isa = PBXFileReference; lastKnownFileType = sourcecode.c.h; path = AppDelegate.h; sourceTree = "<group>"; };
		8D01AC5A1D73C69600179FED /* AppDelegate.m */ = {isa = PBXFileReference; lastKnownFileType = sourcecode.c.objc; path = AppDelegate.m; sourceTree = "<group>"; };
		8D01AC5C1D73C69600179FED /* ViewController.h */ = {isa = PBXFileReference; lastKnownFileType = sourcecode.c.h; path = ViewController.h; sourceTree = "<group>"; };
		8D01AC5D1D73C69600179FED /* ViewController.m */ = {isa = PBXFileReference; lastKnownFileType = sourcecode.c.objc; path = ViewController.m; sourceTree = "<group>"; };
		8D01AC601D73C69600179FED /* Base */ = {isa = PBXFileReference; lastKnownFileType = file.storyboard; name = Base; path = Base.lproj/Main.storyboard; sourceTree = "<group>"; };
		8D01AC621D73C69600179FED /* Assets.xcassets */ = {isa = PBXFileReference; lastKnownFileType = folder.assetcatalog; path = Assets.xcassets; sourceTree = "<group>"; };
		8D01AC651D73C69600179FED /* Base */ = {isa = PBXFileReference; lastKnownFileType = file.storyboard; name = Base; path = Base.lproj/LaunchScreen.storyboard; sourceTree = "<group>"; };
		8D01AC671D73C69600179FED /* Info.plist */ = {isa = PBXFileReference; lastKnownFileType = text.plist.xml; path = Info.plist; sourceTree = "<group>"; };
/* End PBXFileReference section */

/* Begin PBXFrameworksBuildPhase section */
		8D01AC501D73C69600179FED /* Frameworks */ = {
			isa = PBXFrameworksBuildPhase;
			buildActionMask = 2147483647;
			files = (
			);
			runOnlyForDeploymentPostprocessing = 0;
		};
/* End PBXFrameworksBuildPhase section */

/* Begin PBXGroup section */
		8D01AC4A1D73C69600179FED = {
			isa = PBXGroup;
			children = (
				8D01AC551D73C69600179FED /* CRMProjectDemo */,
				8D01AC541D73C69600179FED /* Products */,
			);
			sourceTree = "<group>";
		};
		8D01AC541D73C69600179FED /* Products */ = {
			isa = PBXGroup;
			children = (
				8D01AC531D73C69600179FED /* CRMProjectDemo.app */,
			);
			name = Products;
			sourceTree = "<group>";
		};
		8D01AC551D73C69600179FED /* CRMProjectDemo */ = {
			isa = PBXGroup;
			children = (
				8D01AC591D73C69600179FED /* AppDelegate.h */,
				8D01AC5A1D73C69600179FED /* AppDelegate.m */,
				8D01AC5C1D73C69600179FED /* ViewController.h */,
				8D01AC5D1D73C69600179FED /* ViewController.m */,
				8D01AC5F1D73C69600179FED /* Main.storyboard */,
				8D01AC621D73C69600179FED /* Assets.xcassets */,
				8D01AC641D73C69600179FED /* LaunchScreen.storyboard */,
				8D01AC671D73C69600179FED /* Info.plist */,
				8D01AC561D73C69600179FED /* Supporting Files */,
			);
			path = CRMProjectDemo;
			sourceTree = "<group>";
		};
		8D01AC561D73C69600179FED /* Supporting Files */ = {
			isa = PBXGroup;
			children = (
				8D01AC571D73C69600179FED /* main.m */,
			);
			name = "Supporting Files";
			sourceTree = "<group>";
		};
/* End PBXGroup section */

/* Begin PBXNativeTarget section */
		8D01AC521D73C69600179FED /* CRMProjectDemo */ = {
			isa = PBXNativeTarget;
			buildConfigurationList = 8D01AC6A1D73C69600179FED /* Build configuration list for PBXNativeTarget "CRMProjectDemo" */;
			buildPhases = (
				8D01AC4F1D73C69600179FED /* Sources */,
				8D01AC501D73C69600179FED /* Frameworks */,
				8D01AC511D73C69600179FED /* Resources */,
			);
			buildRules = (
			);
			dependencies = (
			);
			name = CRMProjectDemo;
			productName = CRMProjectDemo;
			productReference = 8D01AC531D73C69600179FED /* CRMProjectDemo.app */;
			productType = "com.apple.product-type.application";
		};
/* End PBXNativeTarget section */

/* Begin PBXProject section */
		8D01AC4B1D73C69600179FED /* Project object */ = {
			isa = PBXProject;
			attributes = {
				LastUpgradeCheck = 0730;
				ORGANIZATIONNAME = Raymon;
				TargetAttributes = {
					8D01AC521D73C69600179FED = {
						CreatedOnToolsVersion = 7.3.1;
					};
				};
			};
			buildConfigurationList = 8D01AC4E1D73C69600179FED /* Build configuration list for PBXProject "CRMProjectDemo" */;
			compatibilityVersion = "Xcode 3.2";
			developmentRegion = English;
			hasScannedForEncodings = 0;
			knownRegions = (
				en,
				Base,
			);
			mainGroup = 8D01AC4A1D73C69600179FED;
			productRefGroup = 8D01AC541D73C69600179FED /* Products */;
			projectDirPath = "";
			projectRoot = "";
			targets = (
				8D01AC521D73C69600179FED /* CRMProjectDemo */,
			);
		};
/* End PBXProject section */

/* Begin PBXResourcesBuildPhase section */
		8D01AC511D73C69600179FED /* Resources */ = {
			isa = PBXResourcesBuildPhase;
			buildActionMask = 2147483647;
			files = (
				8D01AC661D73C69600179FED /* LaunchScreen.storyboard in Resources */,
				8D01AC631D73C69600179FED /* Assets.xcassets in Resources */,
				8D01AC611D73C69600179FED /* Main.storyboard in Resources */,
			);
			runOnlyForDeploymentPostprocessing = 0;
		};
/* End PBXResourcesBuildPhase section */

/* Begin PBXSourcesBuildPhase section */
		8D01AC4F1D73C69600179FED /* Sources */ = {
			isa = PBXSourcesBuildPhase;
			buildActionMask = 2147483647;
			files = (
				8D01AC5E1D73C69600179FED /* ViewController.m in Sources */,
				8D01AC5B1D73C69600179FED /* AppDelegate.m in Sources */,
				8D01AC581D73C69600179FED /* main.m in Sources */,
			);
			runOnlyForDeploymentPostprocessing = 0;
		};
/* End PBXSourcesBuildPhase section */

/* Begin PBXVariantGroup section */
		8D01AC5F1D73C69600179FED /* Main.storyboard */ = {
			isa = PBXVariantGroup;
			children = (
				8D01AC601D73C69600179FED /* Base */,
			);
			name = Main.storyboard;
			sourceTree = "<group>";
		};
		8D01AC641D73C69600179FED /* LaunchScreen.storyboard */ = {
			isa = PBXVariantGroup;
			children = (
				8D01AC651D73C69600179FED /* Base */,
			);
			name = LaunchScreen.storyboard;
			sourceTree = "<group>";
		};
/* End PBXVariantGroup section */

/* Begin XCBuildConfiguration section */
		8D01AC681D73C69600179FED /* Debug */ = {
			isa = XCBuildConfiguration;
			buildSettings = {
				ALWAYS_SEARCH_USER_PATHS = NO;
				CLANG_ANALYZER_NONNULL = YES;
				CLANG_CXX_LANGUAGE_STANDARD = "gnu++0x";
				CLANG_CXX_LIBRARY = "libc++";
				CLANG_ENABLE_MODULES = YES;
				CLANG_ENABLE_OBJC_ARC = YES;
				CLANG_WARN_BOOL_CONVERSION = YES;
				CLANG_WARN_CONSTANT_CONVERSION = YES;
				CLANG_WARN_DIRECT_OBJC_ISA_USAGE = YES_ERROR;
				CLANG_WARN_EMPTY_BODY = YES;
				CLANG_WARN_ENUM_CONVERSION = YES;
				CLANG_WARN_INT_CONVERSION = YES;
				CLANG_WARN_OBJC_ROOT_CLASS = YES_ERROR;
				CLANG_WARN_UNREACHABLE_CODE = YES;
				CLANG_WARN__DUPLICATE_METHOD_MATCH = YES;
				"CODE_SIGN_IDENTITY[sdk=iphoneos*]" = "iPhone Developer";
				COPY_PHASE_STRIP = NO;
				DEBUG_INFORMATION_FORMAT = dwarf;
				ENABLE_STRICT_OBJC_MSGSEND = YES;
				ENABLE_TESTABILITY = YES;
				GCC_C_LANGUAGE_STANDARD = gnu99;
				GCC_DYNAMIC_NO_PIC = NO;
				GCC_NO_COMMON_BLOCKS = YES;
				GCC_OPTIMIZATION_LEVEL = 0;
				GCC_PREPROCESSOR_DEFINITIONS = (
					"DEBUG=1",
					"$(inherited)",
				);
				GCC_WARN_64_TO_32_BIT_CONVERSION = YES;
				GCC_WARN_ABOUT_RETURN_TYPE = YES_ERROR;
				GCC_WARN_UNDECLARED_SELECTOR = YES;
				GCC_WARN_UNINITIALIZED_AUTOS = YES_AGGRESSIVE;
				GCC_WARN_UNUSED_FUNCTION = YES;
				GCC_WARN_UNUSED_VARIABLE = YES;
				IPHONEOS_DEPLOYMENT_TARGET = 9.3;
				MTL_ENABLE_DEBUG_INFO = YES;
				ONLY_ACTIVE_ARCH = YES;
				SDKROOT = iphoneos;
				TARGETED_DEVICE_FAMILY = "1,2";
			};
			name = Debug;
		};
		8D01AC691D73C69600179FED /* Release */ = {
			isa = XCBuildConfiguration;
			buildSettings = {
				ALWAYS_SEARCH_USER_PATHS = NO;
				CLANG_ANALYZER_NONNULL = YES;
				CLANG_CXX_LANGUAGE_STANDARD = "gnu++0x";
				CLANG_CXX_LIBRARY = "libc++";
				CLANG_ENABLE_MODULES = YES;
				CLANG_ENABLE_OBJC_ARC = YES;
				CLANG_WARN_BOOL_CONVERSION = YES;
				CLANG_WARN_CONSTANT_CONVERSION = YES;
				CLANG_WARN_DIRECT_OBJC_ISA_USAGE = YES_ERROR;
				CLANG_WARN_EMPTY_BODY = YES;
				CLANG_WARN_ENUM_CONVERSION = YES;
				CLANG_WARN_INT_CONVERSION = YES;
				CLANG_WARN_OBJC_ROOT_CLASS = YES_ERROR;
				CLANG_WARN_UNREACHABLE_CODE = YES;
				CLANG_WARN__DUPLICATE_METHOD_MATCH = YES;
				"CODE_SIGN_IDENTITY[sdk=iphoneos*]" = "iPhone Developer";
				COPY_PHASE_STRIP = NO;
				DEBUG_INFORMATION_FORMAT = "dwarf-with-dsym";
				ENABLE_NS_ASSERTIONS = NO;
				ENABLE_STRICT_OBJC_MSGSEND = YES;
				GCC_C_LANGUAGE_STANDARD = gnu99;
				GCC_NO_COMMON_BLOCKS = YES;
				GCC_WARN_64_TO_32_BIT_CONVERSION = YES;
				GCC_WARN_ABOUT_RETURN_TYPE = YES_ERROR;
				GCC_WARN_UNDECLARED_SELECTOR = YES;
				GCC_WARN_UNINITIALIZED_AUTOS = YES_AGGRESSIVE;
				GCC_WARN_UNUSED_FUNCTION = YES;
				GCC_WARN_UNUSED_VARIABLE = YES;
				IPHONEOS_DEPLOYMENT_TARGET = 9.3;
				MTL_ENABLE_DEBUG_INFO = NO;
				SDKROOT = iphoneos;
				TARGETED_DEVICE_FAMILY = "1,2";
				VALIDATE_PRODUCT = YES;
			};
			name = Release;
		};
		8D01AC6B1D73C69600179FED /* Debug */ = {
			isa = XCBuildConfiguration;
			buildSettings = {
				ASSETCATALOG_COMPILER_APPICON_NAME = AppIcon;
				INFOPLIST_FILE = CRMProjectDemo/Info.plist;
				LD_RUNPATH_SEARCH_PATHS = "$(inherited) @executable_path/Frameworks";
				PRODUCT_BUNDLE_IDENTIFIER = com.Raymon.CRMProjectDemo;
				PRODUCT_NAME = "$(TARGET_NAME)";
			};
			name = Debug;
		};
		8D01AC6C1D73C69600179FED /* Release */ = {
			isa = XCBuildConfiguration;
			buildSettings = {
				ASSETCATALOG_COMPILER_APPICON_NAME = AppIcon;
				INFOPLIST_FILE = CRMProjectDemo/Info.plist;
				LD_RUNPATH_SEARCH_PATHS = "$(inherited) @executable_path/Frameworks";
				PRODUCT_BUNDLE_IDENTIFIER = com.Raymon.CRMProjectDemo;
				PRODUCT_NAME = "$(TARGET_NAME)";
			};
			name = Release;
		};
/* End XCBuildConfiguration section */

/* Begin XCConfigurationList section */
		8D01AC4E1D73C69600179FED /* Build configuration list for PBXProject "CRMProjectDemo" */ = {
			isa = XCConfigurationList;
			buildConfigurations = (
				8D01AC681D73C69600179FED /* Debug */,
				8D01AC691D73C69600179FED /* Release */,
			);
			defaultConfigurationIsVisible = 0;
			defaultConfigurationName = Release;
		};
		8D01AC6A1D73C69600179FED /* Build configuration list for PBXNativeTarget "CRMProjectDemo" */ = {
			isa = XCConfigurationList;
			buildConfigurations = (
				8D01AC6B1D73C69600179FED /* Debug */,
				8D01AC6C1D73C69600179FED /* Release */,
			);
			defaultConfigurationIsVisible = 0;
		};
/* End XCConfigurationList section */
	};
	rootObject = 8D01AC4B1D73C69600179FED /* Project object */;
}
